
Microsoft Visual Studio Solution File, Format Version 12.00
# Visual Studio Version 17
VisualStudioVersion = 17.7.34202.233
MinimumVisualStudioVersion = 10.0.40219.1
Project("{FAE04EC0-301F-11D3-BF4B-00C04F79EFBC}") = "HexapodController.Android", "HexapodController\HexapodController.Android\HexapodController.Android.csproj", "{DA6FEF88-6FF5-4E72-8F9F-4F4C1441A76B}"
EndProject
Project("{FAE04EC0-301F-11D3-BF4B-00C04F79EFBC}") = "HexapodController.iOS", "HexapodController\HexapodController.iOS\HexapodController.iOS.csproj", "{33ACC949-A51C-4F30-A568-06C60CAF1714}"
EndProject
Project("{FAE04EC0-301F-11D3-BF4B-00C04F79EFBC}") = "HexapodController", "HexapodController\HexapodController\HexapodController.csproj", "{724A1A57-5803-41BB-977B-821A0F104532}"
EndProject
Global
	GlobalSection(SolutionConfigurationPlatforms) = preSolution
		Debug|Any CPU = Debug|Any CPU
		Debug|iPhone = Debug|iPhone
		Debug|iPhoneSimulator = Debug|iPhoneSimulator
		Release|Any CPU = Release|Any CPU
		Release|iPhone = Release|iPhone
		Release|iPhoneSimulator = Release|iPhoneSimulator
	EndGlobalSection
	GlobalSection(ProjectConfigurationPlatforms) = postSolution
		{DA6FEF88-6FF5-4E72-8F9F-4F4C1441A76B}.Debug|Any CPU.ActiveCfg = Debug|Any CPU
		{DA6FEF88-6FF5-4E72-8F9F-4F4C1441A76B}.Debug|Any CPU.Build.0 = Debug|Any CPU
		{DA6FEF88-6FF5-4E72-8F9F-4F4C1441A76B}.Debug|Any CPU.Deploy.0 = Debug|Any CPU
		{DA6FEF88-6FF5-4E72-8F9F-4F4C1441A76B}.Debug|iPhone.ActiveCfg = Debug|Any CPU
		{DA6FEF88-6FF5-4E72-8F9F-4F4C1441A76B}.Debug|iPhone.Build.0 = Debug|Any CPU
		{DA6FEF88-6FF5-4E72-8F9F-4F4C1441A76B}.Debug|iPhone.Deploy.0 = Debug|Any CPU
		{DA6FEF88-6FF5-4E72-8F9F-4F4C1441A76B}.Debug|iPhoneSimulator.ActiveCfg = Debug|Any CPU
		{DA6FEF88-6FF5-4E72-8F9F-4F4C1441A76B}.Debug|iPhoneSimulator.Build.0 = Debug|Any CPU
		{DA6FEF88-6FF5-4E72-8F9F-4F4C1441A76B}.Debug|iPhoneSimulator.Deploy.0 = Debug|Any CPU
		{DA6FEF88-6FF5-4E72-8F9F-4F4C1441A76B}.Release|Any CPU.ActiveCfg = Release|Any CPU
		{DA6FEF88-6FF5-4E72-8F9F-4F4C1441A76B}.Release|Any CPU.Build.0 = Release|Any CPU
		{DA6FEF88-6FF5-4E72-8F9F-4F4C1441A76B}.Release|Any CPU.Deploy.0 = Release|Any CPU
		{DA6FEF88-6FF5-4E72-8F9F-4F4C1441A76B}.Release|iPhone.ActiveCfg = Release|Any CPU
		{DA6FEF88-6FF5-4E72-8F9F-4F4C1441A76B}.Release|iPhone.Build.0 = Release|Any CPU
		{DA6FEF88-6FF5-4E72-8F9F-4F4C1441A76B}.Release|iPhone.Deploy.0 = Release|Any CPU
		{DA6FEF88-6FF5-4E72-8F9F-4F4C1441A76B}.Release|iPhoneSimulator.ActiveCfg = Release|Any CPU
		{DA6FEF88-6FF5-4E72-8F9F-4F4C1441A76B}.Release|iPhoneSimulator.Build.0 = Release|Any CPU
		{DA6FEF88-6FF5-4E72-8F9F-4F4C1441A76B}.Release|iPhoneSimulator.Deploy.0 = Release|Any CPU
		{33ACC949-A51C-4F30-A568-06C60CAF1714}.Debug|Any CPU.ActiveCfg = Debug|iPhone
		{33ACC949-A51C-4F30-A568-06C60CAF1714}.Debug|Any CPU.Build.0 = Debug|iPhone
		{33ACC949-A51C-4F30-A568-06C60CAF1714}.Debug|Any CPU.Deploy.0 = Debug|iPhone
		{33ACC949-A51C-4F30-A568-06C60CAF1714}.Debug|iPhone.ActiveCfg = Debug|iPhone
		{33ACC949-A51C-4F30-A568-06C60CAF1714}.Debug|iPhone.Build.0 = Debug|iPhone
		{33ACC949-A51C-4F30-A568-06C60CAF1714}.Debug|iPhone.Deploy.0 = Debug|iPhone
		{33ACC949-A51C-4F30-A568-06C60CAF1714}.Debug|iPhoneSimulator.ActiveCfg = Debug|iPhoneSimulator
		{33ACC949-A51C-4F30-A568-06C60CAF1714}.Debug|iPhoneSimulator.Build.0 = Debug|iPhoneSimulator
		{33ACC949-A51C-4F30-A568-06C60CAF1714}.Debug|iPhoneSimulator.Deploy.0 = Debug|iPhoneSimulator
		{33ACC949-A51C-4F30-A568-06C60CAF1714}.Release|Any CPU.ActiveCfg = Release|iPhoneSimulator
		{33ACC949-A51C-4F30-A568-06C60CAF1714}.Release|Any CPU.Build.0 = Release|iPhoneSimulator
		{33ACC949-A51C-4F30-A568-06C60CAF1714}.Release|Any CPU.Deploy.0 = Release|iPhoneSimulator
		{33ACC949-A51C-4F30-A568-06C60CAF1714}.Release|iPhone.ActiveCfg = Release|iPhone
		{33ACC949-A51C-4F30-A568-06C60CAF1714}.Release|iPhone.Build.0 = Release|iPhone
		{33ACC949-A51C-4F30-A568-06C60CAF1714}.Release|iPhone.Deploy.0 = Release|iPhone
		{33ACC949-A51C-4F30-A568-06C60CAF1714}.Release|iPhoneSimulator.ActiveCfg = Release|iPhoneSimulator
		{33ACC949-A51C-4F30-A568-06C60CAF1714}.Release|iPhoneSimulator.Build.0 = Release|iPhoneSimulator
		{33ACC949-A51C-4F30-A568-06C60CAF1714}.Release|iPhoneSimulator.Deploy.0 = Release|iPhoneSimulator
		{724A1A57-5803-41BB-977B-821A0F104532}.Debug|Any CPU.ActiveCfg = Debug|Any CPU
		{724A1A57-5803-41BB-977B-821A0F104532}.Debug|Any CPU.Build.0 = Debug|Any CPU
		{724A1A57-5803-41BB-977B-821A0F104532}.Debug|Any CPU.Deploy.0 = Debug|Any CPU
		{724A1A57-5803-41BB-977B-821A0F104532}.Debug|iPhone.ActiveCfg = Debug|Any CPU
		{724A1A57-5803-41BB-977B-821A0F104532}.Debug|iPhone.Build.0 = Debug|Any CPU
		{724A1A57-5803-41BB-977B-821A0F104532}.Debug|iPhone.Deploy.0 = Debug|Any CPU
		{724A1A57-5803-41BB-977B-821A0F104532}.Debug|iPhoneSimulator.ActiveCfg = Debug|Any CPU
		{724A1A57-5803-41BB-977B-821A0F104532}.Debug|iPhoneSimulator.Build.0 = Debug|Any CPU
		{724A1A57-5803-41BB-977B-821A0F104532}.Debug|iPhoneSimulator.Deploy.0 = Debug|Any CPU
		{724A1A57-5803-41BB-977B-821A0F104532}.Release|Any CPU.ActiveCfg = Release|Any CPU
		{724A1A57-5803-41BB-977B-821A0F104532}.Release|Any CPU.Build.0 = Release|Any CPU
		{724A1A57-5803-41BB-977B-821A0F104532}.Release|Any CPU.Deploy.0 = Release|Any CPU
		{724A1A57-5803-41BB-977B-821A0F104532}.Release|iPhone.ActiveCfg = Release|Any CPU
		{724A1A57-5803-41BB-977B-821A0F104532}.Release|iPhone.Build.0 = Release|Any CPU
		{724A1A57-5803-41BB-977B-821A0F104532}.Release|iPhone.Deploy.0 = Release|Any CPU
		{724A1A57-5803-41BB-977B-821A0F104532}.Release|iPhoneSimulator.ActiveCfg = Release|Any CPU
		{724A1A57-5803-41BB-977B-821A0F104532}.Release|iPhoneSimulator.Build.0 = Release|Any CPU
		{724A1A57-5803-41BB-977B-821A0F104532}.Release|iPhoneSimulator.Deploy.0 = Release|Any CPU
	EndGlobalSection
	GlobalSection(SolutionProperties) = preSolution
		HideSolutionNode = FALSE
	EndGlobalSection
	GlobalSection(ExtensibilityGlobals) = postSolution
		SolutionGuid = {A07886D2-B3F8-4D59-8BA3-49AAB2464EA5}
	EndGlobalSection
EndGlobal
